// !$*UTF8*$!
{
	archiveVersion = 1;
	classes = {
	};
	objectVersion = 52;
	objects = {

/* Begin PBXBuildFile section */
		C2348505289316A400FC7095 /* WinnersTableViewController.swift in Sources */ = {isa = PBXBuildFile; fileRef = C2348504289316A400FC7095 /* WinnersTableViewController.swift */; };
		C234850828931C1500FC7095 /* SceneDelegate.swift in Sources */ = {isa = PBXBuildFile; fileRef = C234850728931C1500FC7095 /* SceneDelegate.swift */; };
		C234850B28932DBF00FC7095 /* WorldCupTableViewCell.swift in Sources */ = {isa = PBXBuildFile; fileRef = C234850A28932DBF00FC7095 /* WorldCupTableViewCell.swift */; };
		C293C82E28946E3000E6F651 /* GamesTableViewCell.swift in Sources */ = {isa = PBXBuildFile; fileRef = C293C82D28946E3000E6F651 /* GamesTableViewCell.swift */; };
		C293E9422892C9BF00816EE8 /* AppDelegate.swift in Sources */ = {isa = PBXBuildFile; fileRef = C293E9412892C9BF00816EE8 /* AppDelegate.swift */; };
		C293E9492892C9BF00816EE8 /* Main.storyboard in Resources */ = {isa = PBXBuildFile; fileRef = C293E9472892C9BF00816EE8 /* Main.storyboard */; };
		C293E94B2892C9C700816EE8 /* Assets.xcassets in Resources */ = {isa = PBXBuildFile; fileRef = C293E94A2892C9C700816EE8 /* Assets.xcassets */; };
		C293E94E2892C9C700816EE8 /* LaunchScreen.storyboard in Resources */ = {isa = PBXBuildFile; fileRef = C293E94C2892C9C700816EE8 /* LaunchScreen.storyboard */; };
		C293E9882892CAE600816EE8 /* China.png in Resources */ = {isa = PBXBuildFile; fileRef = C293E9572892CAE400816EE8 /* China.png */; };
		C293E9892892CAE600816EE8 /* Portugal.png in Resources */ = {isa = PBXBuildFile; fileRef = C293E9582892CAE400816EE8 /* Portugal.png */; };
		C293E98A2892CAE600816EE8 /* Croácia.png in Resources */ = {isa = PBXBuildFile; fileRef = C293E9592892CAE500816EE8 /* Croácia.png */; };
		C293E98B2892CAE600816EE8 /* Colômbia.png in Resources */ = {isa = PBXBuildFile; fileRef = C293E95A2892CAE500816EE8 /* Colômbia.png */; };
		C293E98C2892CAE600816EE8 /* Argélia.png in Resources */ = {isa = PBXBuildFile; fileRef = C293E95B2892CAE500816EE8 /* Argélia.png */; };
		C293E98D2892CAE600816EE8 /* Holanda.png in Resources */ = {isa = PBXBuildFile; fileRef = C293E95C2892CAE500816EE8 /* Holanda.png */; };
		C293E98E2892CAE600816EE8 /* Turquia.png in Resources */ = {isa = PBXBuildFile; fileRef = C293E95D2892CAE500816EE8 /* Turquia.png */; };
		C293E98F2892CAE600816EE8 /* Peru.png in Resources */ = {isa = PBXBuildFile; fileRef = C293E95E2892CAE500816EE8 /* Peru.png */; };
		C293E9902892CAE600816EE8 /* Gana.png in Resources */ = {isa = PBXBuildFile; fileRef = C293E95F2892CAE500816EE8 /* Gana.png */; };
		C293E9912892CAE600816EE8 /* Polônia.png in Resources */ = {isa = PBXBuildFile; fileRef = C293E9602892CAE500816EE8 /* Polônia.png */; };
		C293E9922892CAE600816EE8 /* Alemanha Oriental.png in Resources */ = {isa = PBXBuildFile; fileRef = C293E9612892CAE500816EE8 /* Alemanha Oriental.png */; };
		C293E9932892CAE600816EE8 /* Bélgica.png in Resources */ = {isa = PBXBuildFile; fileRef = C293E9622892CAE500816EE8 /* Bélgica.png */; };
		C293E9942892CAE600816EE8 /* Paraguai.png in Resources */ = {isa = PBXBuildFile; fileRef = C293E9632892CAE500816EE8 /* Paraguai.png */; };
		C293E9952892CAE600816EE8 /* Alemanha.png in Resources */ = {isa = PBXBuildFile; fileRef = C293E9642892CAE500816EE8 /* Alemanha.png */; };
		C293E9962892CAE600816EE8 /* Suíça.png in Resources */ = {isa = PBXBuildFile; fileRef = C293E9652892CAE500816EE8 /* Suíça.png */; };
		C293E9972892CAE600816EE8 /* Costa Rica.png in Resources */ = {isa = PBXBuildFile; fileRef = C293E9662892CAE500816EE8 /* Costa Rica.png */; };
		C293E9982892CAE600816EE8 /* Romênia.png in Resources */ = {isa = PBXBuildFile; fileRef = C293E9672892CAE500816EE8 /* Romênia.png */; };
		C293E9992892CAE600816EE8 /* Alemanha Ocidental.png in Resources */ = {isa = PBXBuildFile; fileRef = C293E9682892CAE500816EE8 /* Alemanha Ocidental.png */; };
		C293E99A2892CAE600816EE8 /* Estados Unidos.png in Resources */ = {isa = PBXBuildFile; fileRef = C293E9692892CAE500816EE8 /* Estados Unidos.png */; };
		C293E99B2892CAE600816EE8 /* França.png in Resources */ = {isa = PBXBuildFile; fileRef = C293E96A2892CAE500816EE8 /* França.png */; };
		C293E99C2892CAE600816EE8 /* Suécia.png in Resources */ = {isa = PBXBuildFile; fileRef = C293E96B2892CAE500816EE8 /* Suécia.png */; };
		C293E99D2892CAE600816EE8 /* Coréia do Sul.png in Resources */ = {isa = PBXBuildFile; fileRef = C293E96C2892CAE500816EE8 /* Coréia do Sul.png */; };
		C293E99E2892CAE600816EE8 /* Dinamarca.png in Resources */ = {isa = PBXBuildFile; fileRef = C293E96D2892CAE500816EE8 /* Dinamarca.png */; };
		C293E99F2892CAE600816EE8 /* Ucrânia.png in Resources */ = {isa = PBXBuildFile; fileRef = C293E96E2892CAE500816EE8 /* Ucrânia.png */; };
		C293E9A02892CAE600816EE8 /* Austrália.png in Resources */ = {isa = PBXBuildFile; fileRef = C293E96F2892CAE500816EE8 /* Austrália.png */; };
		C293E9A12892CAE600816EE8 /* República Tcheca.png in Resources */ = {isa = PBXBuildFile; fileRef = C293E9702892CAE500816EE8 /* República Tcheca.png */; };
		C293E9A22892CAE600816EE8 /* Hungria.png in Resources */ = {isa = PBXBuildFile; fileRef = C293E9712892CAE500816EE8 /* Hungria.png */; };
		C293E9A32892CAE600816EE8 /* País de Gales.png in Resources */ = {isa = PBXBuildFile; fileRef = C293E9722892CAE500816EE8 /* País de Gales.png */; };
		C293E9A42892CAE600816EE8 /* Iugoslávia.png in Resources */ = {isa = PBXBuildFile; fileRef = C293E9732892CAE500816EE8 /* Iugoslávia.png */; };
		C293E9A52892CAE600816EE8 /* Bulgária.png in Resources */ = {isa = PBXBuildFile; fileRef = C293E9742892CAE600816EE8 /* Bulgária.png */; };
		C293E9A62892CAE600816EE8 /* Emirados Árabes.png in Resources */ = {isa = PBXBuildFile; fileRef = C293E9752892CAE600816EE8 /* Emirados Árabes.png */; };
		C293E9A72892CAE600816EE8 /* Uruguai.png in Resources */ = {isa = PBXBuildFile; fileRef = C293E9762892CAE600816EE8 /* Uruguai.png */; };
		C293E9A82892CAE600816EE8 /* Arábia Saudita.png in Resources */ = {isa = PBXBuildFile; fileRef = C293E9772892CAE600816EE8 /* Arábia Saudita.png */; };
		C293E9A92892CAE600816EE8 /* Tchecoslováquia.png in Resources */ = {isa = PBXBuildFile; fileRef = C293E9782892CAE600816EE8 /* Tchecoslováquia.png */; };
		C293E9AA2892CAE600816EE8 /* Itália.png in Resources */ = {isa = PBXBuildFile; fileRef = C293E9792892CAE600816EE8 /* Itália.png */; };
		C293E9AB2892CAE600816EE8 /* Rússia.png in Resources */ = {isa = PBXBuildFile; fileRef = C293E97A2892CAE600816EE8 /* Rússia.png */; };
		C293E9AC2892CAE600816EE8 /* Espanha.png in Resources */ = {isa = PBXBuildFile; fileRef = C293E97B2892CAE600816EE8 /* Espanha.png */; };
		C293E9AD2892CAE600816EE8 /* Camarões.png in Resources */ = {isa = PBXBuildFile; fileRef = C293E97C2892CAE600816EE8 /* Camarões.png */; };
		C293E9AE2892CAE600816EE8 /* Chile.png in Resources */ = {isa = PBXBuildFile; fileRef = C293E97D2892CAE600816EE8 /* Chile.png */; };
		C293E9AF2892CAE600816EE8 /* Honduras.png in Resources */ = {isa = PBXBuildFile; fileRef = C293E97E2892CAE600816EE8 /* Honduras.png */; };
		C293E9B02892CAE600816EE8 /* Bolívia.png in Resources */ = {isa = PBXBuildFile; fileRef = C293E97F2892CAE600816EE8 /* Bolívia.png */; };
		C293E9B12892CAE600816EE8 /* África do Sul.png in Resources */ = {isa = PBXBuildFile; fileRef = C293E9802892CAE600816EE8 /* África do Sul.png */; };
		C293E9B22892CAE600816EE8 /* Argentina.png in Resources */ = {isa = PBXBuildFile; fileRef = C293E9812892CAE600816EE8 /* Argentina.png */; };
		C293E9B32892CAE600816EE8 /* Noruega.png in Resources */ = {isa = PBXBuildFile; fileRef = C293E9822892CAE600816EE8 /* Noruega.png */; };
		C293E9B42892CAE600816EE8 /* União Soviética.png in Resources */ = {isa = PBXBuildFile; fileRef = C293E9832892CAE600816EE8 /* União Soviética.png */; };
		C293E9B52892CAE600816EE8 /* México.png in Resources */ = {isa = PBXBuildFile; fileRef = C293E9842892CAE600816EE8 /* México.png */; };
		C293E9B62892CAE600816EE8 /* Áustria.png in Resources */ = {isa = PBXBuildFile; fileRef = C293E9852892CAE600816EE8 /* Áustria.png */; };
		C293E9B72892CAE600816EE8 /* Brasil.png in Resources */ = {isa = PBXBuildFile; fileRef = C293E9862892CAE600816EE8 /* Brasil.png */; };
		C293E9B82892CAE600816EE8 /* Inglaterra.png in Resources */ = {isa = PBXBuildFile; fileRef = C293E9872892CAE600816EE8 /* Inglaterra.png */; };
		C293E9BB2892CAF600816EE8 /* winners.json in Resources */ = {isa = PBXBuildFile; fileRef = C293E9BA2892CAF600816EE8 /* winners.json */; };
		C293E9C32892D4E400816EE8 /* WorldCupViewController.swift in Sources */ = {isa = PBXBuildFile; fileRef = C293E9C22892D4E400816EE8 /* WorldCupViewController.swift */; };
		C293E9C62892D58E00816EE8 /* WorldCup.swift in Sources */ = {isa = PBXBuildFile; fileRef = C293E9C52892D58E00816EE8 /* WorldCup.swift */; };
/* End PBXBuildFile section */

/* Begin PBXFileReference section */
		C2348504289316A400FC7095 /* WinnersTableViewController.swift */ = {isa = PBXFileReference; lastKnownFileType = sourcecode.swift; path = WinnersTableViewController.swift; sourceTree = "<group>"; };
		C234850728931C1500FC7095 /* SceneDelegate.swift */ = {isa = PBXFileReference; fileEncoding = 4; lastKnownFileType = sourcecode.swift; name = SceneDelegate.swift; path = ../../SwiftQuiz/SwiftQuiz/SceneDelegate.swift; sourceTree = "<group>"; };
		C234850A28932DBF00FC7095 /* WorldCupTableViewCell.swift */ = {isa = PBXFileReference; lastKnownFileType = sourcecode.swift; path = WorldCupTableViewCell.swift; sourceTree = "<group>"; };
		C293C82D28946E3000E6F651 /* GamesTableViewCell.swift */ = {isa = PBXFileReference; lastKnownFileType = sourcecode.swift; path = GamesTableViewCell.swift; sourceTree = "<group>"; };
		C293E93E2892C9BF00816EE8 /* CampeoesDaCopa.app */ = {isa = PBXFileReference; explicitFileType = wrapper.application; includeInIndex = 0; path = CampeoesDaCopa.app; sourceTree = BUILT_PRODUCTS_DIR; };
		C293E9412892C9BF00816EE8 /* AppDelegate.swift */ = {isa = PBXFileReference; lastKnownFileType = sourcecode.swift; path = AppDelegate.swift; sourceTree = "<group>"; };
		C293E9482892C9BF00816EE8 /* Base */ = {isa = PBXFileReference; lastKnownFileType = file.storyboard; name = Base; path = Base.lproj/Main.storyboard; sourceTree = "<group>"; };
		C293E94A2892C9C700816EE8 /* Assets.xcassets */ = {isa = PBXFileReference; lastKnownFileType = folder.assetcatalog; path = Assets.xcassets; sourceTree = "<group>"; };
		C293E94D2892C9C700816EE8 /* Base */ = {isa = PBXFileReference; lastKnownFileType = file.storyboard; name = Base; path = Base.lproj/LaunchScreen.storyboard; sourceTree = "<group>"; };
		C293E94F2892C9C700816EE8 /* Info.plist */ = {isa = PBXFileReference; lastKnownFileType = text.plist.xml; path = Info.plist; sourceTree = "<group>"; };
		C293E9572892CAE400816EE8 /* China.png */ = {isa = PBXFileReference; lastKnownFileType = image.png; name = China.png; path = "../../../../../Desktop/Arquivos CampeoesDaCopa/Bandeiras/China.png"; sourceTree = "<group>"; };
		C293E9582892CAE400816EE8 /* Portugal.png */ = {isa = PBXFileReference; lastKnownFileType = image.png; name = Portugal.png; path = "../../../../../Desktop/Arquivos CampeoesDaCopa/Bandeiras/Portugal.png"; sourceTree = "<group>"; };
		C293E9592892CAE500816EE8 /* Croácia.png */ = {isa = PBXFileReference; lastKnownFileType = image.png; name = "Croácia.png"; path = "../../../../../Desktop/Arquivos CampeoesDaCopa/Bandeiras/Croácia.png"; sourceTree = "<group>"; };
		C293E95A2892CAE500816EE8 /* Colômbia.png */ = {isa = PBXFileReference; lastKnownFileType = image.png; name = "Colômbia.png"; path = "../../../../../Desktop/Arquivos CampeoesDaCopa/Bandeiras/Colômbia.png"; sourceTree = "<group>"; };
		C293E95B2892CAE500816EE8 /* Argélia.png */ = {isa = PBXFileReference; lastKnownFileType = image.png; name = "Argélia.png"; path = "../../../../../Desktop/Arquivos CampeoesDaCopa/Bandeiras/Argélia.png"; sourceTree = "<group>"; };
		C293E95C2892CAE500816EE8 /* Holanda.png */ = {isa = PBXFileReference; lastKnownFileType = image.png; name = Holanda.png; path = "../../../../../Desktop/Arquivos CampeoesDaCopa/Bandeiras/Holanda.png"; sourceTree = "<group>"; };
		C293E95D2892CAE500816EE8 /* Turquia.png */ = {isa = PBXFileReference; lastKnownFileType = image.png; name = Turquia.png; path = "../../../../../Desktop/Arquivos CampeoesDaCopa/Bandeiras/Turquia.png"; sourceTree = "<group>"; };
		C293E95E2892CAE500816EE8 /* Peru.png */ = {isa = PBXFileReference; lastKnownFileType = image.png; name = Peru.png; path = "../../../../../Desktop/Arquivos CampeoesDaCopa/Bandeiras/Peru.png"; sourceTree = "<group>"; };
		C293E95F2892CAE500816EE8 /* Gana.png */ = {isa = PBXFileReference; lastKnownFileType = image.png; name = Gana.png; path = "../../../../../Desktop/Arquivos CampeoesDaCopa/Bandeiras/Gana.png"; sourceTree = "<group>"; };
		C293E9602892CAE500816EE8 /* Polônia.png */ = {isa = PBXFileReference; lastKnownFileType = image.png; name = "Polônia.png"; path = "../../../../../Desktop/Arquivos CampeoesDaCopa/Bandeiras/Polônia.png"; sourceTree = "<group>"; };
		C293E9612892CAE500816EE8 /* Alemanha Oriental.png */ = {isa = PBXFileReference; lastKnownFileType = image.png; name = "Alemanha Oriental.png"; path = "../../../../../Desktop/Arquivos CampeoesDaCopa/Bandeiras/Alemanha Oriental.png"; sourceTree = "<group>"; };
		C293E9622892CAE500816EE8 /* Bélgica.png */ = {isa = PBXFileReference; lastKnownFileType = image.png; name = "Bélgica.png"; path = "../../../../../Desktop/Arquivos CampeoesDaCopa/Bandeiras/Bélgica.png"; sourceTree = "<group>"; };
		C293E9632892CAE500816EE8 /* Paraguai.png */ = {isa = PBXFileReference; lastKnownFileType = image.png; name = Paraguai.png; path = "../../../../../Desktop/Arquivos CampeoesDaCopa/Bandeiras/Paraguai.png"; sourceTree = "<group>"; };
		C293E9642892CAE500816EE8 /* Alemanha.png */ = {isa = PBXFileReference; lastKnownFileType = image.png; name = Alemanha.png; path = "../../../../../Desktop/Arquivos CampeoesDaCopa/Bandeiras/Alemanha.png"; sourceTree = "<group>"; };
		C293E9652892CAE500816EE8 /* Suíça.png */ = {isa = PBXFileReference; lastKnownFileType = image.png; name = "Suíça.png"; path = "../../../../../Desktop/Arquivos CampeoesDaCopa/Bandeiras/Suíça.png"; sourceTree = "<group>"; };
		C293E9662892CAE500816EE8 /* Costa Rica.png */ = {isa = PBXFileReference; lastKnownFileType = image.png; name = "Costa Rica.png"; path = "../../../../../Desktop/Arquivos CampeoesDaCopa/Bandeiras/Costa Rica.png"; sourceTree = "<group>"; };
		C293E9672892CAE500816EE8 /* Romênia.png */ = {isa = PBXFileReference; lastKnownFileType = image.png; name = "Romênia.png"; path = "../../../../../Desktop/Arquivos CampeoesDaCopa/Bandeiras/Romênia.png"; sourceTree = "<group>"; };
		C293E9682892CAE500816EE8 /* Alemanha Ocidental.png */ = {isa = PBXFileReference; lastKnownFileType = image.png; name = "Alemanha Ocidental.png"; path = "../../../../../Desktop/Arquivos CampeoesDaCopa/Bandeiras/Alemanha Ocidental.png"; sourceTree = "<group>"; };
		C293E9692892CAE500816EE8 /* Estados Unidos.png */ = {isa = PBXFileReference; lastKnownFileType = image.png; name = "Estados Unidos.png"; path = "../../../../../Desktop/Arquivos CampeoesDaCopa/Bandeiras/Estados Unidos.png"; sourceTree = "<group>"; };
		C293E96A2892CAE500816EE8 /* França.png */ = {isa = PBXFileReference; lastKnownFileType = image.png; name = "França.png"; path = "../../../../../Desktop/Arquivos CampeoesDaCopa/Bandeiras/França.png"; sourceTree = "<group>"; };
		C293E96B2892CAE500816EE8 /* Suécia.png */ = {isa = PBXFileReference; lastKnownFileType = image.png; name = "Suécia.png"; path = "../../../../../Desktop/Arquivos CampeoesDaCopa/Bandeiras/Suécia.png"; sourceTree = "<group>"; };
		C293E96C2892CAE500816EE8 /* Coréia do Sul.png */ = {isa = PBXFileReference; lastKnownFileType = image.png; name = "Coréia do Sul.png"; path = "../../../../../Desktop/Arquivos CampeoesDaCopa/Bandeiras/Coréia do Sul.png"; sourceTree = "<group>"; };
		C293E96D2892CAE500816EE8 /* Dinamarca.png */ = {isa = PBXFileReference; lastKnownFileType = image.png; name = Dinamarca.png; path = "../../../../../Desktop/Arquivos CampeoesDaCopa/Bandeiras/Dinamarca.png"; sourceTree = "<group>"; };
		C293E96E2892CAE500816EE8 /* Ucrânia.png */ = {isa = PBXFileReference; lastKnownFileType = image.png; name = "Ucrânia.png"; path = "../../../../../Desktop/Arquivos CampeoesDaCopa/Bandeiras/Ucrânia.png"; sourceTree = "<group>"; };
		C293E96F2892CAE500816EE8 /* Austrália.png */ = {isa = PBXFileReference; lastKnownFileType = image.png; name = "Austrália.png"; path = "../../../../../Desktop/Arquivos CampeoesDaCopa/Bandeiras/Austrália.png"; sourceTree = "<group>"; };
		C293E9702892CAE500816EE8 /* República Tcheca.png */ = {isa = PBXFileReference; lastKnownFileType = image.png; name = "República Tcheca.png"; path = "../../../../../Desktop/Arquivos CampeoesDaCopa/Bandeiras/República Tcheca.png"; sourceTree = "<group>"; };
		C293E9712892CAE500816EE8 /* Hungria.png */ = {isa = PBXFileReference; lastKnownFileType = image.png; name = Hungria.png; path = "../../../../../Desktop/Arquivos CampeoesDaCopa/Bandeiras/Hungria.png"; sourceTree = "<group>"; };
		C293E9722892CAE500816EE8 /* País de Gales.png */ = {isa = PBXFileReference; lastKnownFileType = image.png; name = "País de Gales.png"; path = "../../../../../Desktop/Arquivos CampeoesDaCopa/Bandeiras/País de Gales.png"; sourceTree = "<group>"; };
		C293E9732892CAE500816EE8 /* Iugoslávia.png */ = {isa = PBXFileReference; lastKnownFileType = image.png; name = "Iugoslávia.png"; path = "../../../../../Desktop/Arquivos CampeoesDaCopa/Bandeiras/Iugoslávia.png"; sourceTree = "<group>"; };
		C293E9742892CAE600816EE8 /* Bulgária.png */ = {isa = PBXFileReference; lastKnownFileType = image.png; name = "Bulgária.png"; path = "../../../../../Desktop/Arquivos CampeoesDaCopa/Bandeiras/Bulgária.png"; sourceTree = "<group>"; };
		C293E9752892CAE600816EE8 /* Emirados Árabes.png */ = {isa = PBXFileReference; lastKnownFileType = image.png; name = "Emirados Árabes.png"; path = "../../../../../Desktop/Arquivos CampeoesDaCopa/Bandeiras/Emirados Árabes.png"; sourceTree = "<group>"; };
		C293E9762892CAE600816EE8 /* Uruguai.png */ = {isa = PBXFileReference; lastKnownFileType = image.png; name = Uruguai.png; path = "../../../../../Desktop/Arquivos CampeoesDaCopa/Bandeiras/Uruguai.png"; sourceTree = "<group>"; };
		C293E9772892CAE600816EE8 /* Arábia Saudita.png */ = {isa = PBXFileReference; lastKnownFileType = image.png; name = "Arábia Saudita.png"; path = "../../../../../Desktop/Arquivos CampeoesDaCopa/Bandeiras/Arábia Saudita.png"; sourceTree = "<group>"; };
		C293E9782892CAE600816EE8 /* Tchecoslováquia.png */ = {isa = PBXFileReference; lastKnownFileType = image.png; name = "Tchecoslováquia.png"; path = "../../../../../Desktop/Arquivos CampeoesDaCopa/Bandeiras/Tchecoslováquia.png"; sourceTree = "<group>"; };
		C293E9792892CAE600816EE8 /* Itália.png */ = {isa = PBXFileReference; lastKnownFileType = image.png; name = "Itália.png"; path = "../../../../../Desktop/Arquivos CampeoesDaCopa/Bandeiras/Itália.png"; sourceTree = "<group>"; };
		C293E97A2892CAE600816EE8 /* Rússia.png */ = {isa = PBXFileReference; lastKnownFileType = image.png; name = "Rússia.png"; path = "../../../../../Desktop/Arquivos CampeoesDaCopa/Bandeiras/Rússia.png"; sourceTree = "<group>"; };
		C293E97B2892CAE600816EE8 /* Espanha.png */ = {isa = PBXFileReference; lastKnownFileType = image.png; name = Espanha.png; path = "../../../../../Desktop/Arquivos CampeoesDaCopa/Bandeiras/Espanha.png"; sourceTree = "<group>"; };
		C293E97C2892CAE600816EE8 /* Camarões.png */ = {isa = PBXFileReference; lastKnownFileType = image.png; name = "Camarões.png"; path = "../../../../../Desktop/Arquivos CampeoesDaCopa/Bandeiras/Camarões.png"; sourceTree = "<group>"; };
		C293E97D2892CAE600816EE8 /* Chile.png */ = {isa = PBXFileReference; lastKnownFileType = image.png; name = Chile.png; path = "../../../../../Desktop/Arquivos CampeoesDaCopa/Bandeiras/Chile.png"; sourceTree = "<group>"; };
		C293E97E2892CAE600816EE8 /* Honduras.png */ = {isa = PBXFileReference; lastKnownFileType = image.png; name = Honduras.png; path = "../../../../../Desktop/Arquivos CampeoesDaCopa/Bandeiras/Honduras.png"; sourceTree = "<group>"; };
		C293E97F2892CAE600816EE8 /* Bolívia.png */ = {isa = PBXFileReference; lastKnownFileType = image.png; name = "Bolívia.png"; path = "../../../../../Desktop/Arquivos CampeoesDaCopa/Bandeiras/Bolívia.png"; sourceTree = "<group>"; };
		C293E9802892CAE600816EE8 /* África do Sul.png */ = {isa = PBXFileReference; lastKnownFileType = image.png; name = "África do Sul.png"; path = "../../../../../Desktop/Arquivos CampeoesDaCopa/Bandeiras/África do Sul.png"; sourceTree = "<group>"; };
		C293E9812892CAE600816EE8 /* Argentina.png */ = {isa = PBXFileReference; lastKnownFileType = image.png; name = Argentina.png; path = "../../../../../Desktop/Arquivos CampeoesDaCopa/Bandeiras/Argentina.png"; sourceTree = "<group>"; };
		C293E9822892CAE600816EE8 /* Noruega.png */ = {isa = PBXFileReference; lastKnownFileType = image.png; name = Noruega.png; path = "../../../../../Desktop/Arquivos CampeoesDaCopa/Bandeiras/Noruega.png"; sourceTree = "<group>"; };
		C293E9832892CAE600816EE8 /* União Soviética.png */ = {isa = PBXFileReference; lastKnownFileType = image.png; name = "União Soviética.png"; path = "../../../../../Desktop/Arquivos CampeoesDaCopa/Bandeiras/União Soviética.png"; sourceTree = "<group>"; };
		C293E9842892CAE600816EE8 /* México.png */ = {isa = PBXFileReference; lastKnownFileType = image.png; name = "México.png"; path = "../../../../../Desktop/Arquivos CampeoesDaCopa/Bandeiras/México.png"; sourceTree = "<group>"; };
		C293E9852892CAE600816EE8 /* Áustria.png */ = {isa = PBXFileReference; lastKnownFileType = image.png; name = "Áustria.png"; path = "../../../../../Desktop/Arquivos CampeoesDaCopa/Bandeiras/Áustria.png"; sourceTree = "<group>"; };
		C293E9862892CAE600816EE8 /* Brasil.png */ = {isa = PBXFileReference; lastKnownFileType = image.png; name = Brasil.png; path = "../../../../../Desktop/Arquivos CampeoesDaCopa/Bandeiras/Brasil.png"; sourceTree = "<group>"; };
		C293E9872892CAE600816EE8 /* Inglaterra.png */ = {isa = PBXFileReference; lastKnownFileType = image.png; name = Inglaterra.png; path = "../../../../../Desktop/Arquivos CampeoesDaCopa/Bandeiras/Inglaterra.png"; sourceTree = "<group>"; };
		C293E9BA2892CAF600816EE8 /* winners.json */ = {isa = PBXFileReference; fileEncoding = 4; lastKnownFileType = text.json; name = winners.json; path = "../../../../../Desktop/Arquivos CampeoesDaCopa/winners.json"; sourceTree = "<group>"; };
		C293E9C22892D4E400816EE8 /* WorldCupViewController.swift */ = {isa = PBXFileReference; lastKnownFileType = sourcecode.swift; path = WorldCupViewController.swift; sourceTree = "<group>"; };
		C293E9C52892D58E00816EE8 /* WorldCup.swift */ = {isa = PBXFileReference; lastKnownFileType = sourcecode.swift; path = WorldCup.swift; sourceTree = "<group>"; };
/* End PBXFileReference section */

/* Begin PBXFrameworksBuildPhase section */
		C293E93B2892C9BF00816EE8 /* Frameworks */ = {
			isa = PBXFrameworksBuildPhase;
			buildActionMask = 2147483647;
			files = (
			);
			runOnlyForDeploymentPostprocessing = 0;
		};
/* End PBXFrameworksBuildPhase section */

/* Begin PBXGroup section */
		C293E9352892C9BF00816EE8 = {
			isa = PBXGroup;
			children = (
				C293E9402892C9BF00816EE8 /* CampeoesDaCopa */,
				C293E93F2892C9BF00816EE8 /* Products */,
			);
			sourceTree = "<group>";
		};
		C293E93F2892C9BF00816EE8 /* Products */ = {
			isa = PBXGroup;
			children = (
				C293E93E2892C9BF00816EE8 /* CampeoesDaCopa.app */,
			);
			name = Products;
			sourceTree = "<group>";
		};
		C293E9402892C9BF00816EE8 /* CampeoesDaCopa */ = {
			isa = PBXGroup;
			children = (
				C293E9412892C9BF00816EE8 /* AppDelegate.swift */,
				C234850728931C1500FC7095 /* SceneDelegate.swift */,
				C293E9562892CABD00816EE8 /* Files */,
				C293E9C82892D5B100816EE8 /* Models */,
				C293E9BD2892D2A200816EE8 /* Views */,
				C293E9C12892D43300816EE8 /* Controllers */,
				C293E94A2892C9C700816EE8 /* Assets.xcassets */,
				C293E94F2892C9C700816EE8 /* Info.plist */,
			);
			path = CampeoesDaCopa;
			sourceTree = "<group>";
		};
		C293E9562892CABD00816EE8 /* Files */ = {
			isa = PBXGroup;
			children = (
				C293E9BA2892CAF600816EE8 /* winners.json */,
				C293E9802892CAE600816EE8 /* África do Sul.png */,
				C293E9682892CAE500816EE8 /* Alemanha Ocidental.png */,
				C293E9612892CAE500816EE8 /* Alemanha Oriental.png */,
				C293E9642892CAE500816EE8 /* Alemanha.png */,
				C293E9772892CAE600816EE8 /* Arábia Saudita.png */,
				C293E95B2892CAE500816EE8 /* Argélia.png */,
				C293E9812892CAE600816EE8 /* Argentina.png */,
				C293E96F2892CAE500816EE8 /* Austrália.png */,
				C293E9852892CAE600816EE8 /* Áustria.png */,
				C293E9622892CAE500816EE8 /* Bélgica.png */,
				C293E97F2892CAE600816EE8 /* Bolívia.png */,
				C293E9862892CAE600816EE8 /* Brasil.png */,
				C293E9742892CAE600816EE8 /* Bulgária.png */,
				C293E97C2892CAE600816EE8 /* Camarões.png */,
				C293E97D2892CAE600816EE8 /* Chile.png */,
				C293E9572892CAE400816EE8 /* China.png */,
				C293E95A2892CAE500816EE8 /* Colômbia.png */,
				C293E96C2892CAE500816EE8 /* Coréia do Sul.png */,
				C293E9662892CAE500816EE8 /* Costa Rica.png */,
				C293E9592892CAE500816EE8 /* Croácia.png */,
				C293E96D2892CAE500816EE8 /* Dinamarca.png */,
				C293E9752892CAE600816EE8 /* Emirados Árabes.png */,
				C293E97B2892CAE600816EE8 /* Espanha.png */,
				C293E9692892CAE500816EE8 /* Estados Unidos.png */,
				C293E96A2892CAE500816EE8 /* França.png */,
				C293E95F2892CAE500816EE8 /* Gana.png */,
				C293E95C2892CAE500816EE8 /* Holanda.png */,
				C293E97E2892CAE600816EE8 /* Honduras.png */,
				C293E9712892CAE500816EE8 /* Hungria.png */,
				C293E9872892CAE600816EE8 /* Inglaterra.png */,
				C293E9792892CAE600816EE8 /* Itália.png */,
				C293E9732892CAE500816EE8 /* Iugoslávia.png */,
				C293E9842892CAE600816EE8 /* México.png */,
				C293E9822892CAE600816EE8 /* Noruega.png */,
				C293E9722892CAE500816EE8 /* País de Gales.png */,
				C293E9632892CAE500816EE8 /* Paraguai.png */,
				C293E95E2892CAE500816EE8 /* Peru.png */,
				C293E9602892CAE500816EE8 /* Polônia.png */,
				C293E9582892CAE400816EE8 /* Portugal.png */,
				C293E9702892CAE500816EE8 /* República Tcheca.png */,
				C293E9672892CAE500816EE8 /* Romênia.png */,
				C293E97A2892CAE600816EE8 /* Rússia.png */,
				C293E96B2892CAE500816EE8 /* Suécia.png */,
				C293E9652892CAE500816EE8 /* Suíça.png */,
				C293E9782892CAE600816EE8 /* Tchecoslováquia.png */,
				C293E95D2892CAE500816EE8 /* Turquia.png */,
				C293E96E2892CAE500816EE8 /* Ucrânia.png */,
				C293E9832892CAE600816EE8 /* União Soviética.png */,
				C293E9762892CAE600816EE8 /* Uruguai.png */,
			);
			path = Files;
			sourceTree = "<group>";
		};
		C293E9BD2892D2A200816EE8 /* Views */ = {
			isa = PBXGroup;
			children = (
				C293E9472892C9BF00816EE8 /* Main.storyboard */,
				C293E94C2892C9C700816EE8 /* LaunchScreen.storyboard */,
			);
			path = Views;
			sourceTree = "<group>";
		};
		C293E9C12892D43300816EE8 /* Controllers */ = {
			isa = PBXGroup;
			children = (
				C293E9C22892D4E400816EE8 /* WorldCupViewController.swift */,
				C2348504289316A400FC7095 /* WinnersTableViewController.swift */,
				C234850A28932DBF00FC7095 /* WorldCupTableViewCell.swift */,
				C293C82D28946E3000E6F651 /* GamesTableViewCell.swift */,
			);
			path = Controllers;
			sourceTree = "<group>";
		};
		C293E9C82892D5B100816EE8 /* Models */ = {
			isa = PBXGroup;
			children = (
				C293E9C52892D58E00816EE8 /* WorldCup.swift */,
			);
			path = Models;
			sourceTree = "<group>";
		};
/* End PBXGroup section */

/* Begin PBXNativeTarget section */
		C293E93D2892C9BF00816EE8 /* CampeoesDaCopa */ = {
			isa = PBXNativeTarget;
			buildConfigurationList = C293E9522892C9C700816EE8 /* Build configuration list for PBXNativeTarget "CampeoesDaCopa" */;
			buildPhases = (
				C293E93A2892C9BF00816EE8 /* Sources */,
				C293E93B2892C9BF00816EE8 /* Frameworks */,
				C293E93C2892C9BF00816EE8 /* Resources */,
			);
			buildRules = (
			);
			dependencies = (
			);
			name = CampeoesDaCopa;
			productName = CampeoesDaCopa;
			productReference = C293E93E2892C9BF00816EE8 /* CampeoesDaCopa.app */;
			productType = "com.apple.product-type.application";
		};
/* End PBXNativeTarget section */

/* Begin PBXProject section */
		C293E9362892C9BF00816EE8 /* Project object */ = {
			isa = PBXProject;
			attributes = {
				LastSwiftUpdateCheck = 1240;
				LastUpgradeCheck = 1240;
				TargetAttributes = {
					C293E93D2892C9BF00816EE8 = {
						CreatedOnToolsVersion = 12.4;
					};
				};
			};
			buildConfigurationList = C293E9392892C9BF00816EE8 /* Build configuration list for PBXProject "CampeoesDaCopa" */;
			compatibilityVersion = "Xcode 11.0";
			developmentRegion = en;
			hasScannedForEncodings = 0;
			knownRegions = (
				en,
				Base,
			);
			mainGroup = C293E9352892C9BF00816EE8;
			productRefGroup = C293E93F2892C9BF00816EE8 /* Products */;
			projectDirPath = "";
			projectRoot = "";
			targets = (
				C293E93D2892C9BF00816EE8 /* CampeoesDaCopa */,
			);
		};
/* End PBXProject section */

/* Begin PBXResourcesBuildPhase section */
		C293E93C2892C9BF00816EE8 /* Resources */ = {
			isa = PBXResourcesBuildPhase;
			buildActionMask = 2147483647;
			files = (
				C293E9AB2892CAE600816EE8 /* Rússia.png in Resources */,
				C293E9982892CAE600816EE8 /* Romênia.png in Resources */,
				C293E98B2892CAE600816EE8 /* Colômbia.png in Resources */,
				C293E9962892CAE600816EE8 /* Suíça.png in Resources */,
				C293E9A52892CAE600816EE8 /* Bulgária.png in Resources */,
				C293E9A12892CAE600816EE8 /* República Tcheca.png in Resources */,
				C293E98E2892CAE600816EE8 /* Turquia.png in Resources */,
				C293E9892892CAE600816EE8 /* Portugal.png in Resources */,
				C293E9952892CAE600816EE8 /* Alemanha.png in Resources */,
				C293E98F2892CAE600816EE8 /* Peru.png in Resources */,
				C293E99B2892CAE600816EE8 /* França.png in Resources */,
				C293E9A92892CAE600816EE8 /* Tchecoslováquia.png in Resources */,
				C293E94E2892C9C700816EE8 /* LaunchScreen.storyboard in Resources */,
				C293E99C2892CAE600816EE8 /* Suécia.png in Resources */,
				C293E9AF2892CAE600816EE8 /* Honduras.png in Resources */,
				C293E9B22892CAE600816EE8 /* Argentina.png in Resources */,
				C293E94B2892C9C700816EE8 /* Assets.xcassets in Resources */,
				C293E9AD2892CAE600816EE8 /* Camarões.png in Resources */,
				C293E9992892CAE600816EE8 /* Alemanha Ocidental.png in Resources */,
				C293E9B02892CAE600816EE8 /* Bolívia.png in Resources */,
				C293E99D2892CAE600816EE8 /* Coréia do Sul.png in Resources */,
				C293E9902892CAE600816EE8 /* Gana.png in Resources */,
				C293E9B52892CAE600816EE8 /* México.png in Resources */,
				C293E99E2892CAE600816EE8 /* Dinamarca.png in Resources */,
				C293E9BB2892CAF600816EE8 /* winners.json in Resources */,
				C293E9A22892CAE600816EE8 /* Hungria.png in Resources */,
				C293E9AA2892CAE600816EE8 /* Itália.png in Resources */,
				C293E9A62892CAE600816EE8 /* Emirados Árabes.png in Resources */,
				C293E9B12892CAE600816EE8 /* África do Sul.png in Resources */,
				C293E9492892C9BF00816EE8 /* Main.storyboard in Resources */,
				C293E98C2892CAE600816EE8 /* Argélia.png in Resources */,
				C293E9942892CAE600816EE8 /* Paraguai.png in Resources */,
				C293E99F2892CAE600816EE8 /* Ucrânia.png in Resources */,
				C293E9B42892CAE600816EE8 /* União Soviética.png in Resources */,
				C293E99A2892CAE600816EE8 /* Estados Unidos.png in Resources */,
				C293E9972892CAE600816EE8 /* Costa Rica.png in Resources */,
				C293E9A42892CAE600816EE8 /* Iugoslávia.png in Resources */,
				C293E9922892CAE600816EE8 /* Alemanha Oriental.png in Resources */,
				C293E9B62892CAE600816EE8 /* Áustria.png in Resources */,
				C293E9AE2892CAE600816EE8 /* Chile.png in Resources */,
				C293E9AC2892CAE600816EE8 /* Espanha.png in Resources */,
				C293E9912892CAE600816EE8 /* Polônia.png in Resources */,
				C293E9B32892CAE600816EE8 /* Noruega.png in Resources */,
				C293E98A2892CAE600816EE8 /* Croácia.png in Resources */,
				C293E9A72892CAE600816EE8 /* Uruguai.png in Resources */,
				C293E9A82892CAE600816EE8 /* Arábia Saudita.png in Resources */,
				C293E9B72892CAE600816EE8 /* Brasil.png in Resources */,
				C293E9B82892CAE600816EE8 /* Inglaterra.png in Resources */,
				C293E9A02892CAE600816EE8 /* Austrália.png in Resources */,
				C293E9932892CAE600816EE8 /* Bélgica.png in Resources */,
				C293E98D2892CAE600816EE8 /* Holanda.png in Resources */,
				C293E9A32892CAE600816EE8 /* País de Gales.png in Resources */,
				C293E9882892CAE600816EE8 /* China.png in Resources */,
			);
			runOnlyForDeploymentPostprocessing = 0;
		};
/* End PBXResourcesBuildPhase section */

/* Begin PBXSourcesBuildPhase section */
		C293E93A2892C9BF00816EE8 /* Sources */ = {
			isa = PBXSourcesBuildPhase;
			buildActionMask = 2147483647;
			files = (
				C234850828931C1500FC7095 /* SceneDelegate.swift in Sources */,
				C2348505289316A400FC7095 /* WinnersTableViewController.swift in Sources */,
				C293E9C62892D58E00816EE8 /* WorldCup.swift in Sources */,
				C293C82E28946E3000E6F651 /* GamesTableViewCell.swift in Sources */,
				C234850B28932DBF00FC7095 /* WorldCupTableViewCell.swift in Sources */,
				C293E9422892C9BF00816EE8 /* AppDelegate.swift in Sources */,
				C293E9C32892D4E400816EE8 /* WorldCupViewController.swift in Sources */,
			);
			runOnlyForDeploymentPostprocessing = 0;
		};
/* End PBXSourcesBuildPhase section */

/* Begin PBXVariantGroup section */
		C293E9472892C9BF00816EE8 /* Main.storyboard */ = {
			isa = PBXVariantGroup;
			children = (
				C293E9482892C9BF00816EE8 /* Base */,
			);
			name = Main.storyboard;
			sourceTree = "<group>";
		};
		C293E94C2892C9C700816EE8 /* LaunchScreen.storyboard */ = {
			isa = PBXVariantGroup;
			children = (
				C293E94D2892C9C700816EE8 /* Base */,
			);
			name = LaunchScreen.storyboard;
			sourceTree = "<group>";
		};
/* End PBXVariantGroup section */

/* Begin XCBuildConfiguration section */
		C293E9502892C9C700816EE8 /* Debug */ = {
			isa = XCBuildConfiguration;
			buildSettings = {
				ALWAYS_SEARCH_USER_PATHS = NO;
				CLANG_ANALYZER_NONNULL = YES;
				CLANG_ANALYZER_NUMBER_OBJECT_CONVERSION = YES_AGGRESSIVE;
				CLANG_CXX_LANGUAGE_STANDARD = "gnu++14";
				CLANG_CXX_LIBRARY = "libc++";
				CLANG_ENABLE_MODULES = YES;
				CLANG_ENABLE_OBJC_ARC = YES;
				CLANG_ENABLE_OBJC_WEAK = YES;
				CLANG_WARN_BLOCK_CAPTURE_AUTORELEASING = YES;
				CLANG_WARN_BOOL_CONVERSION = YES;
				CLANG_WARN_COMMA = YES;
				CLANG_WARN_CONSTANT_CONVERSION = YES;
				CLANG_WARN_DEPRECATED_OBJC_IMPLEMENTATIONS = YES;
				CLANG_WARN_DIRECT_OBJC_ISA_USAGE = YES_ERROR;
				CLANG_WARN_DOCUMENTATION_COMMENTS = YES;
				CLANG_WARN_EMPTY_BODY = YES;
				CLANG_WARN_ENUM_CONVERSION = YES;
				CLANG_WARN_INFINITE_RECURSION = YES;
				CLANG_WARN_INT_CONVERSION = YES;
				CLANG_WARN_NON_LITERAL_NULL_CONVERSION = YES;
				CLANG_WARN_OBJC_IMPLICIT_RETAIN_SELF = YES;
				CLANG_WARN_OBJC_LITERAL_CONVERSION = YES;
				CLANG_WARN_OBJC_ROOT_CLASS = YES_ERROR;
				CLANG_WARN_QUOTED_INCLUDE_IN_FRAMEWORK_HEADER = YES;
				CLANG_WARN_RANGE_LOOP_ANALYSIS = YES;
				CLANG_WARN_STRICT_PROTOTYPES = YES;
				CLANG_WARN_SUSPICIOUS_MOVE = YES;
				CLANG_WARN_UNGUARDED_AVAILABILITY = YES_AGGRESSIVE;
				CLANG_WARN_UNREACHABLE_CODE = YES;
				CLANG_WARN__DUPLICATE_METHOD_MATCH = YES;
				COPY_PHASE_STRIP = NO;
				DEBUG_INFORMATION_FORMAT = dwarf;
				ENABLE_STRICT_OBJC_MSGSEND = YES;
				ENABLE_TESTABILITY = YES;
				GCC_C_LANGUAGE_STANDARD = gnu11;
				GCC_DYNAMIC_NO_PIC = NO;
				GCC_NO_COMMON_BLOCKS = YES;
				GCC_OPTIMIZATION_LEVEL = 0;
				GCC_PREPROCESSOR_DEFINITIONS = (
					"DEBUG=1",
					"$(inherited)",
				);
				GCC_WARN_64_TO_32_BIT_CONVERSION = YES;
				GCC_WARN_ABOUT_RETURN_TYPE = YES_ERROR;
				GCC_WARN_UNDECLARED_SELECTOR = YES;
				GCC_WARN_UNINITIALIZED_AUTOS = YES_AGGRESSIVE;
				GCC_WARN_UNUSED_FUNCTION = YES;
				GCC_WARN_UNUSED_VARIABLE = YES;
				IPHONEOS_DEPLOYMENT_TARGET = 14.4;
				MTL_ENABLE_DEBUG_INFO = INCLUDE_SOURCE;
				MTL_FAST_MATH = YES;
				ONLY_ACTIVE_ARCH = YES;
				SDKROOT = iphoneos;
				SWIFT_ACTIVE_COMPILATION_CONDITIONS = DEBUG;
				SWIFT_OPTIMIZATION_LEVEL = "-Onone";
			};
			name = Debug;
		};
		C293E9512892C9C700816EE8 /* Release */ = {
			isa = XCBuildConfiguration;
			buildSettings = {
				ALWAYS_SEARCH_USER_PATHS = NO;
				CLANG_ANALYZER_NONNULL = YES;
				CLANG_ANALYZER_NUMBER_OBJECT_CONVERSION = YES_AGGRESSIVE;
				CLANG_CXX_LANGUAGE_STANDARD = "gnu++14";
				CLANG_CXX_LIBRARY = "libc++";
				CLANG_ENABLE_MODULES = YES;
				CLANG_ENABLE_OBJC_ARC = YES;
				CLANG_ENABLE_OBJC_WEAK = YES;
				CLANG_WARN_BLOCK_CAPTURE_AUTORELEASING = YES;
				CLANG_WARN_BOOL_CONVERSION = YES;
				CLANG_WARN_COMMA = YES;
				CLANG_WARN_CONSTANT_CONVERSION = YES;
				CLANG_WARN_DEPRECATED_OBJC_IMPLEMENTATIONS = YES;
				CLANG_WARN_DIRECT_OBJC_ISA_USAGE = YES_ERROR;
				CLANG_WARN_DOCUMENTATION_COMMENTS = YES;
				CLANG_WARN_EMPTY_BODY = YES;
				CLANG_WARN_ENUM_CONVERSION = YES;
				CLANG_WARN_INFINITE_RECURSION = YES;
				CLANG_WARN_INT_CONVERSION = YES;
				CLANG_WARN_NON_LITERAL_NULL_CONVERSION = YES;
				CLANG_WARN_OBJC_IMPLICIT_RETAIN_SELF = YES;
				CLANG_WARN_OBJC_LITERAL_CONVERSION = YES;
				CLANG_WARN_OBJC_ROOT_CLASS = YES_ERROR;
				CLANG_WARN_QUOTED_INCLUDE_IN_FRAMEWORK_HEADER = YES;
				CLANG_WARN_RANGE_LOOP_ANALYSIS = YES;
				CLANG_WARN_STRICT_PROTOTYPES = YES;
				CLANG_WARN_SUSPICIOUS_MOVE = YES;
				CLANG_WARN_UNGUARDED_AVAILABILITY = YES_AGGRESSIVE;
				CLANG_WARN_UNREACHABLE_CODE = YES;
				CLANG_WARN__DUPLICATE_METHOD_MATCH = YES;
				COPY_PHASE_STRIP = NO;
				DEBUG_INFORMATION_FORMAT = "dwarf-with-dsym";
				ENABLE_NS_ASSERTIONS = NO;
				ENABLE_STRICT_OBJC_MSGSEND = YES;
				GCC_C_LANGUAGE_STANDARD = gnu11;
				GCC_NO_COMMON_BLOCKS = YES;
				GCC_WARN_64_TO_32_BIT_CONVERSION = YES;
				GCC_WARN_ABOUT_RETURN_TYPE = YES_ERROR;
				GCC_WARN_UNDECLARED_SELECTOR = YES;
				GCC_WARN_UNINITIALIZED_AUTOS = YES_AGGRESSIVE;
				GCC_WARN_UNUSED_FUNCTION = YES;
				GCC_WARN_UNUSED_VARIABLE = YES;
				IPHONEOS_DEPLOYMENT_TARGET = 14.4;
				MTL_ENABLE_DEBUG_INFO = NO;
				MTL_FAST_MATH = YES;
				SDKROOT = iphoneos;
				SWIFT_COMPILATION_MODE = wholemodule;
				SWIFT_OPTIMIZATION_LEVEL = "-O";
				VALIDATE_PRODUCT = YES;
			};
			name = Release;
		};
		C293E9532892C9C700816EE8 /* Debug */ = {
			isa = XCBuildConfiguration;
			buildSettings = {
				ASSETCATALOG_COMPILER_APPICON_NAME = AppIcon;
				ASSETCATALOG_COMPILER_GLOBAL_ACCENT_COLOR_NAME = AccentColor;
				CODE_SIGN_STYLE = Automatic;
				INFOPLIST_FILE = CampeoesDaCopa/Info.plist;
				LD_RUNPATH_SEARCH_PATHS = (
					"$(inherited)",
					"@executable_path/Frameworks",
				);
				PRODUCT_BUNDLE_IDENTIFIER = com.CampeoesDaCopa.CampeoesDaCopa;
				PRODUCT_NAME = "$(TARGET_NAME)";
				SWIFT_VERSION = 5.0;
				TARGETED_DEVICE_FAMILY = 1;
			};
			name = Debug;
		};
		C293E9542892C9C700816EE8 /* Release */ = {
			isa = XCBuildConfiguration;
			buildSettings = {
				ASSETCATALOG_COMPILER_APPICON_NAME = AppIcon;
				ASSETCATALOG_COMPILER_GLOBAL_ACCENT_COLOR_NAME = AccentColor;
				CODE_SIGN_STYLE = Automatic;
				INFOPLIST_FILE = CampeoesDaCopa/Info.plist;
				LD_RUNPATH_SEARCH_PATHS = (
					"$(inherited)",
					"@executable_path/Frameworks",
				);
				PRODUCT_BUNDLE_IDENTIFIER = com.CampeoesDaCopa.CampeoesDaCopa;
				PRODUCT_NAME = "$(TARGET_NAME)";
				SWIFT_VERSION = 5.0;
				TARGETED_DEVICE_FAMILY = 1;
			};
			name = Release;
		};
/* End XCBuildConfiguration section */

/* Begin XCConfigurationList section */
		C293E9392892C9BF00816EE8 /* Build configuration list for PBXProject "CampeoesDaCopa" */ = {
			isa = XCConfigurationList;
			buildConfigurations = (
				C293E9502892C9C700816EE8 /* Debug */,
				C293E9512892C9C700816EE8 /* Release */,
			);
			defaultConfigurationIsVisible = 0;
			defaultConfigurationName = Release;
		};
		C293E9522892C9C700816EE8 /* Build configuration list for PBXNativeTarget "CampeoesDaCopa" */ = {
			isa = XCConfigurationList;
			buildConfigurations = (
				C293E9532892C9C700816EE8 /* Debug */,
				C293E9542892C9C700816EE8 /* Release */,
			);
			defaultConfigurationIsVisible = 0;
			defaultConfigurationName = Release;
		};
/* End XCConfigurationList section */
	};
	rootObject = C293E9362892C9BF00816EE8 /* Project object */;
}
